Microsoft Visual Studio Solution File, Format Version 12.00
# Visual Studio Version 17
VisualStudioVersion = 17.5.2.0
MinimumVisualStudioVersion = 10.0.40219.1
Project("{FAE04EC0-301F-11D3-BF4B-00C04F79EFBC}") = "modulo-api", "modulo-api.csproj", "{66F61B0B-B888-DECF-1DD4-C796BEECF767}"
EndProject
Global
	GlobalSection(SolutionConfigurationPlatforms) = preSolution
		Debug|Any CPU = Debug|Any CPU
		Release|Any CPU = Release|Any CPU
	EndGlobalSection
	GlobalSection(ProjectConfigurationPlatforms) = postSolution
		{66F61B0B-B888-DECF-1DD4-C796BEECF767}.Debug|Any CPU.ActiveCfg = Debug|Any CPU
		{66F61B0B-B888-DECF-1DD4-C796BEECF767}.Debug|Any CPU.Build.0 = Debug|Any CPU
		{66F61B0B-B888-DECF-1DD4-C796BEECF767}.Release|Any CPU.ActiveCfg = Release|Any CPU
		{66F61B0B-B888-DECF-1DD4-C796BEECF767}.Release|Any CPU.Build.0 = Release|Any CPU
	EndGlobalSection
	GlobalSection(SolutionProperties) = preSolution
		HideSolutionNode = FALSE
	EndGlobalSection
	GlobalSection(ExtensibilityGlobals) = postSolution
		SolutionGuid = {5DE10A27-BCC6-4E41-817A-8F86B2A9C3D2}
	EndGlobalSection
EndGlobal
