
Microsoft Visual Studio Solution File, Format Version 12.00
# Visual Studio Version 17
VisualStudioVersion = 17.5.002.0
MinimumVisualStudioVersion = 10.0.40219.1
Project("{9A19103F-16F7-4668-BE54-9A1E7A4F7556}") = "DesafioPOO", "DesafioPOO.csproj", "{BBD1A9D2-89C3-46CE-97F1-0DE1CB29361E}"
EndProject
Global
	GlobalSection(SolutionConfigurationPlatforms) = preSolution
		Debug|Any CPU = Debug|Any CPU
		Release|Any CPU = Release|Any CPU
	EndGlobalSection
	GlobalSection(ProjectConfigurationPlatforms) = postSolution
		{BBD1A9D2-89C3-46CE-97F1-0DE1CB29361E}.Debug|Any CPU.ActiveCfg = Debug|Any CPU
		{BBD1A9D2-89C3-46CE-97F1-0DE1CB29361E}.Debug|Any CPU.Build.0 = Debug|Any CPU
		{BBD1A9D2-89C3-46CE-97F1-0DE1CB29361E}.Release|Any CPU.ActiveCfg = Release|Any CPU
		{BBD1A9D2-89C3-46CE-97F1-0DE1CB29361E}.Release|Any CPU.Build.0 = Release|Any CPU
	EndGlobalSection
	GlobalSection(SolutionProperties) = preSolution
		HideSolutionNode = FALSE
	EndGlobalSection
	GlobalSection(ExtensibilityGlobals) = postSolution
		SolutionGuid = {36FA5EEE-2C18-4CAC-A296-FD589000271E}
	EndGlobalSection
EndGlobal
